
Microsoft Visual Studio Solution File, Format Version 12.00
# Visual Studio Version 17
VisualStudioVersion = 17.7.34009.444
MinimumVisualStudioVersion = 10.0.40219.1
Project("{FAE04EC0-301F-11D3-BF4B-00C04F79EFBC}") = "Bid501-Client", "Bid501-Client\Bid501-Client.csproj", "{363D8256-702A-4AF5-972C-20B0AEC9BA69}"
EndProject
Global
	GlobalSection(SolutionConfigurationPlatforms) = preSolution
		Debug|Any CPU = Debug|Any CPU
		Release|Any CPU = Release|Any CPU
	EndGlobalSection
	GlobalSection(ProjectConfigurationPlatforms) = postSolution
		{363D8256-702A-4AF5-972C-20B0AEC9BA69}.Debug|Any CPU.ActiveCfg = Debug|Any CPU
		{363D8256-702A-4AF5-972C-20B0AEC9BA69}.Debug|Any CPU.Build.0 = Debug|Any CPU
		{363D8256-702A-4AF5-972C-20B0AEC9BA69}.Release|Any CPU.ActiveCfg = Release|Any CPU
		{363D8256-702A-4AF5-972C-20B0AEC9BA69}.Release|Any CPU.Build.0 = Release|Any CPU
	EndGlobalSection
	GlobalSection(SolutionProperties) = preSolution
		HideSolutionNode = FALSE
	EndGlobalSection
	GlobalSection(ExtensibilityGlobals) = postSolution
		SolutionGuid = {456BF4F4-1F67-421A-8FDE-A8412FC7550F}
	EndGlobalSection
EndGlobal
